
Microsoft Visual Studio Solution File, Format Version 12.00
# Visual Studio Version 17
VisualStudioVersion = 17.5.002.0
MinimumVisualStudioVersion = 10.0.40219.1
Project("{9A19103F-16F7-4668-BE54-9A1E7A4F7556}") = "EmployeeManagement", "EmployeeManagement.csproj", "{222E72E0-F82C-405F-A5A1-F88B3A552390}"
EndProject
Global
	GlobalSection(SolutionConfigurationPlatforms) = preSolution
		Debug|Any CPU = Debug|Any CPU
		Release|Any CPU = Release|Any CPU
	EndGlobalSection
	GlobalSection(ProjectConfigurationPlatforms) = postSolution
		{222E72E0-F82C-405F-A5A1-F88B3A552390}.Debug|Any CPU.ActiveCfg = Debug|Any CPU
		{222E72E0-F82C-405F-A5A1-F88B3A552390}.Debug|Any CPU.Build.0 = Debug|Any CPU
		{222E72E0-F82C-405F-A5A1-F88B3A552390}.Release|Any CPU.ActiveCfg = Release|Any CPU
		{222E72E0-F82C-405F-A5A1-F88B3A552390}.Release|Any CPU.Build.0 = Release|Any CPU
	EndGlobalSection
	GlobalSection(SolutionProperties) = preSolution
		HideSolutionNode = FALSE
	EndGlobalSection
	GlobalSection(ExtensibilityGlobals) = postSolution
		SolutionGuid = {83BD73D5-F5EA-4A6E-90AB-8DB49E5CE0C4}
	EndGlobalSection
EndGlobal
